
Microsoft Visual Studio Solution File, Format Version 12.00
# Visual Studio Version 17
VisualStudioVersion = 17.3.32825.248
MinimumVisualStudioVersion = 10.0.40219.1
Project("{FAE04EC0-301F-11D3-BF4B-00C04F79EFBC}") = "News", "News\News.csproj", "{F035BD64-A007-4DD6-BFD8-72A79AF468A1}"
EndProject
Global
	GlobalSection(SolutionConfigurationPlatforms) = preSolution
		Debug|Any CPU = Debug|Any CPU
		Release|Any CPU = Release|Any CPU
	EndGlobalSection
	GlobalSection(ProjectConfigurationPlatforms) = postSolution
		{F035BD64-A007-4DD6-BFD8-72A79AF468A1}.Debug|Any CPU.ActiveCfg = Debug|Any CPU
		{F035BD64-A007-4DD6-BFD8-72A79AF468A1}.Debug|Any CPU.Build.0 = Debug|Any CPU
		{F035BD64-A007-4DD6-BFD8-72A79AF468A1}.Release|Any CPU.ActiveCfg = Release|Any CPU
		{F035BD64-A007-4DD6-BFD8-72A79AF468A1}.Release|Any CPU.Build.0 = Release|Any CPU
	EndGlobalSection
	GlobalSection(SolutionProperties) = preSolution
		HideSolutionNode = FALSE
	EndGlobalSection
	GlobalSection(ExtensibilityGlobals) = postSolution
		SolutionGuid = {5AE2BE6C-2F27-4CDC-B689-4CD59DC9B156}
	EndGlobalSection
EndGlobal
